// !$*UTF8*$!
{
	archiveVersion = 1;
	classes = {
	};
	objectVersion = 56;
	objects = {

/* Begin PBXBuildFile section */
		8082366429250FE400FAEEA0 /* Terminal_MalakApp.swift in Sources */ = {isa = PBXBuildFile; fileRef = 8082366329250FE400FAEEA0 /* Terminal_MalakApp.swift */; };
		8082366629250FE400FAEEA0 /* ContentView.swift in Sources */ = {isa = PBXBuildFile; fileRef = 8082366529250FE400FAEEA0 /* ContentView.swift */; };
		8082366829250FE600FAEEA0 /* Assets.xcassets in Resources */ = {isa = PBXBuildFile; fileRef = 8082366729250FE600FAEEA0 /* Assets.xcassets */; };
		8082366B29250FE600FAEEA0 /* Preview Assets.xcassets in Resources */ = {isa = PBXBuildFile; fileRef = 8082366A29250FE600FAEEA0 /* Preview Assets.xcassets */; };
		8082367529250FE600FAEEA0 /* Terminal_MalakTests.swift in Sources */ = {isa = PBXBuildFile; fileRef = 8082367429250FE600FAEEA0 /* Terminal_MalakTests.swift */; };
		8082367F29250FE600FAEEA0 /* Terminal_MalakUITests.swift in Sources */ = {isa = PBXBuildFile; fileRef = 8082367E29250FE600FAEEA0 /* Terminal_MalakUITests.swift */; };
		8082368129250FE600FAEEA0 /* Terminal_MalakUITestsLaunchTests.swift in Sources */ = {isa = PBXBuildFile; fileRef = 8082368029250FE600FAEEA0 /* Terminal_MalakUITestsLaunchTests.swift */; };
/* End PBXBuildFile section */

/* Begin PBXContainerItemProxy section */
		8082367129250FE600FAEEA0 /* PBXContainerItemProxy */ = {
			isa = PBXContainerItemProxy;
			containerPortal = 8082365829250FE400FAEEA0 /* Project object */;
			proxyType = 1;
			remoteGlobalIDString = 8082365F29250FE400FAEEA0;
			remoteInfo = Terminal_Malak;
		};
		8082367B29250FE600FAEEA0 /* PBXContainerItemProxy */ = {
			isa = PBXContainerItemProxy;
			containerPortal = 8082365829250FE400FAEEA0 /* Project object */;
			proxyType = 1;
			remoteGlobalIDString = 8082365F29250FE400FAEEA0;
			remoteInfo = Terminal_Malak;
		};
/* End PBXContainerItemProxy section */

/* Begin PBXFileReference section */
		8082366029250FE400FAEEA0 /* Terminal_Malak.app */ = {isa = PBXFileReference; explicitFileType = wrapper.application; includeInIndex = 0; path = Terminal_Malak.app; sourceTree = BUILT_PRODUCTS_DIR; };
		8082366329250FE400FAEEA0 /* Terminal_MalakApp.swift */ = {isa = PBXFileReference; lastKnownFileType = sourcecode.swift; path = Terminal_MalakApp.swift; sourceTree = "<group>"; };
		8082366529250FE400FAEEA0 /* ContentView.swift */ = {isa = PBXFileReference; lastKnownFileType = sourcecode.swift; path = ContentView.swift; sourceTree = "<group>"; };
		8082366729250FE600FAEEA0 /* Assets.xcassets */ = {isa = PBXFileReference; lastKnownFileType = folder.assetcatalog; path = Assets.xcassets; sourceTree = "<group>"; };
		8082366A29250FE600FAEEA0 /* Preview Assets.xcassets */ = {isa = PBXFileReference; lastKnownFileType = folder.assetcatalog; path = "Preview Assets.xcassets"; sourceTree = "<group>"; };
		8082367029250FE600FAEEA0 /* Terminal_MalakTests.xctest */ = {isa = PBXFileReference; explicitFileType = wrapper.cfbundle; includeInIndex = 0; path = Terminal_MalakTests.xctest; sourceTree = BUILT_PRODUCTS_DIR; };
		8082367429250FE600FAEEA0 /* Terminal_MalakTests.swift */ = {isa = PBXFileReference; lastKnownFileType = sourcecode.swift; path = Terminal_MalakTests.swift; sourceTree = "<group>"; };
		8082367A29250FE600FAEEA0 /* Terminal_MalakUITests.xctest */ = {isa = PBXFileReference; explicitFileType = wrapper.cfbundle; includeInIndex = 0; path = Terminal_MalakUITests.xctest; sourceTree = BUILT_PRODUCTS_DIR; };
		8082367E29250FE600FAEEA0 /* Terminal_MalakUITests.swift */ = {isa = PBXFileReference; lastKnownFileType = sourcecode.swift; path = Terminal_MalakUITests.swift; sourceTree = "<group>"; };
		8082368029250FE600FAEEA0 /* Terminal_MalakUITestsLaunchTests.swift */ = {isa = PBXFileReference; lastKnownFileType = sourcecode.swift; path = Terminal_MalakUITestsLaunchTests.swift; sourceTree = "<group>"; };
/* End PBXFileReference section */

/* Begin PBXFrameworksBuildPhase section */
		8082365D29250FE400FAEEA0 /* Frameworks */ = {
			isa = PBXFrameworksBuildPhase;
			buildActionMask = 2147483647;
			files = (
			);
			runOnlyForDeploymentPostprocessing = 0;
		};
		8082366D29250FE600FAEEA0 /* Frameworks */ = {
			isa = PBXFrameworksBuildPhase;
			buildActionMask = 2147483647;
			files = (
			);
			runOnlyForDeploymentPostprocessing = 0;
		};
		8082367729250FE600FAEEA0 /* Frameworks */ = {
			isa = PBXFrameworksBuildPhase;
			buildActionMask = 2147483647;
			files = (
			);
			runOnlyForDeploymentPostprocessing = 0;
		};
/* End PBXFrameworksBuildPhase section */

/* Begin PBXGroup section */
		8082365729250FE400FAEEA0 = {
			isa = PBXGroup;
			children = (
				8082366229250FE400FAEEA0 /* Terminal_Malak */,
				8082367329250FE600FAEEA0 /* Terminal_MalakTests */,
				8082367D29250FE600FAEEA0 /* Terminal_MalakUITests */,
				8082366129250FE400FAEEA0 /* Products */,
			);
			sourceTree = "<group>";
		};
		8082366129250FE400FAEEA0 /* Products */ = {
			isa = PBXGroup;
			children = (
				8082366029250FE400FAEEA0 /* Terminal_Malak.app */,
				8082367029250FE600FAEEA0 /* Terminal_MalakTests.xctest */,
				8082367A29250FE600FAEEA0 /* Terminal_MalakUITests.xctest */,
			);
			name = Products;
			sourceTree = "<group>";
		};
		8082366229250FE400FAEEA0 /* Terminal_Malak */ = {
			isa = PBXGroup;
			children = (
				8082366329250FE400FAEEA0 /* Terminal_MalakApp.swift */,
				8082366529250FE400FAEEA0 /* ContentView.swift */,
				8082366729250FE600FAEEA0 /* Assets.xcassets */,
				8082366929250FE600FAEEA0 /* Preview Content */,
			);
			path = Terminal_Malak;
			sourceTree = "<group>";
		};
		8082366929250FE600FAEEA0 /* Preview Content */ = {
			isa = PBXGroup;
			children = (
				8082366A29250FE600FAEEA0 /* Preview Assets.xcassets */,
			);
			path = "Preview Content";
			sourceTree = "<group>";
		};
		8082367329250FE600FAEEA0 /* Terminal_MalakTests */ = {
			isa = PBXGroup;
			children = (
				8082367429250FE600FAEEA0 /* Terminal_MalakTests.swift */,
			);
			path = Terminal_MalakTests;
			sourceTree = "<group>";
		};
		8082367D29250FE600FAEEA0 /* Terminal_MalakUITests */ = {
			isa = PBXGroup;
			children = (
				8082367E29250FE600FAEEA0 /* Terminal_MalakUITests.swift */,
				8082368029250FE600FAEEA0 /* Terminal_MalakUITestsLaunchTests.swift */,
			);
			path = Terminal_MalakUITests;
			sourceTree = "<group>";
		};
/* End PBXGroup section */

/* Begin PBXNativeTarget section */
		8082365F29250FE400FAEEA0 /* Terminal_Malak */ = {
			isa = PBXNativeTarget;
			buildConfigurationList = 8082368429250FE600FAEEA0 /* Build configuration list for PBXNativeTarget "Terminal_Malak" */;
			buildPhases = (
				8082365C29250FE400FAEEA0 /* Sources */,
				8082365D29250FE400FAEEA0 /* Frameworks */,
				8082365E29250FE400FAEEA0 /* Resources */,
			);
			buildRules = (
			);
			dependencies = (
			);
			name = Terminal_Malak;
			productName = Terminal_Malak;
			productReference = 8082366029250FE400FAEEA0 /* Terminal_Malak.app */;
			productType = "com.apple.product-type.application";
		};
		8082366F29250FE600FAEEA0 /* Terminal_MalakTests */ = {
			isa = PBXNativeTarget;
			buildConfigurationList = 8082368729250FE600FAEEA0 /* Build configuration list for PBXNativeTarget "Terminal_MalakTests" */;
			buildPhases = (
				8082366C29250FE600FAEEA0 /* Sources */,
				8082366D29250FE600FAEEA0 /* Frameworks */,
				8082366E29250FE600FAEEA0 /* Resources */,
			);
			buildRules = (
			);
			dependencies = (
				8082367229250FE600FAEEA0 /* PBXTargetDependency */,
			);
			name = Terminal_MalakTests;
			productName = Terminal_MalakTests;
			productReference = 8082367029250FE600FAEEA0 /* Terminal_MalakTests.xctest */;
			productType = "com.apple.product-type.bundle.unit-test";
		};
		8082367929250FE600FAEEA0 /* Terminal_MalakUITests */ = {
			isa = PBXNativeTarget;
			buildConfigurationList = 8082368A29250FE600FAEEA0 /* Build configuration list for PBXNativeTarget "Terminal_MalakUITests" */;
			buildPhases = (
				8082367629250FE600FAEEA0 /* Sources */,
				8082367729250FE600FAEEA0 /* Frameworks */,
				8082367829250FE600FAEEA0 /* Resources */,
			);
			buildRules = (
			);
			dependencies = (
				8082367C29250FE600FAEEA0 /* PBXTargetDependency */,
			);
			name = Terminal_MalakUITests;
			productName = Terminal_MalakUITests;
			productReference = 8082367A29250FE600FAEEA0 /* Terminal_MalakUITests.xctest */;
			productType = "com.apple.product-type.bundle.ui-testing";
		};
/* End PBXNativeTarget section */

/* Begin PBXProject section */
		8082365829250FE400FAEEA0 /* Project object */ = {
			isa = PBXProject;
			attributes = {
				BuildIndependentTargetsInParallel = 1;
				LastSwiftUpdateCheck = 1410;
				LastUpgradeCheck = 1410;
				TargetAttributes = {
					8082365F29250FE400FAEEA0 = {
						CreatedOnToolsVersion = 14.1;
					};
					8082366F29250FE600FAEEA0 = {
						CreatedOnToolsVersion = 14.1;
						TestTargetID = 8082365F29250FE400FAEEA0;
					};
					8082367929250FE600FAEEA0 = {
						CreatedOnToolsVersion = 14.1;
						TestTargetID = 8082365F29250FE400FAEEA0;
					};
				};
			};
			buildConfigurationList = 8082365B29250FE400FAEEA0 /* Build configuration list for PBXProject "Terminal_Malak" */;
			compatibilityVersion = "Xcode 14.0";
			developmentRegion = en;
			hasScannedForEncodings = 0;
			knownRegions = (
				en,
				Base,
			);
			mainGroup = 8082365729250FE400FAEEA0;
			productRefGroup = 8082366129250FE400FAEEA0 /* Products */;
			projectDirPath = "";
			projectRoot = "";
			targets = (
				8082365F29250FE400FAEEA0 /* Terminal_Malak */,
				8082366F29250FE600FAEEA0 /* Terminal_MalakTests */,
				8082367929250FE600FAEEA0 /* Terminal_MalakUITests */,
			);
		};
/* End PBXProject section */

/* Begin PBXResourcesBuildPhase section */
		8082365E29250FE400FAEEA0 /* Resources */ = {
			isa = PBXResourcesBuildPhase;
			buildActionMask = 2147483647;
			files = (
				8082366B29250FE600FAEEA0 /* Preview Assets.xcassets in Resources */,
				8082366829250FE600FAEEA0 /* Assets.xcassets in Resources */,
			);
			runOnlyForDeploymentPostprocessing = 0;
		};
		8082366E29250FE600FAEEA0 /* Resources */ = {
			isa = PBXResourcesBuildPhase;
			buildActionMask = 2147483647;
			files = (
			);
			runOnlyForDeploymentPostprocessing = 0;
		};
		8082367829250FE600FAEEA0 /* Resources */ = {
			isa = PBXResourcesBuildPhase;
			buildActionMask = 2147483647;
			files = (
			);
			runOnlyForDeploymentPostprocessing = 0;
		};
/* End PBXResourcesBuildPhase section */

/* Begin PBXSourcesBuildPhase section */
		8082365C29250FE400FAEEA0 /* Sources */ = {
			isa = PBXSourcesBuildPhase;
			buildActionMask = 2147483647;
			files = (
				8082366629250FE400FAEEA0 /* ContentView.swift in Sources */,
				8082366429250FE400FAEEA0 /* Terminal_MalakApp.swift in Sources */,
			);
			runOnlyForDeploymentPostprocessing = 0;
		};
		8082366C29250FE600FAEEA0 /* Sources */ = {
			isa = PBXSourcesBuildPhase;
			buildActionMask = 2147483647;
			files = (
				8082367529250FE600FAEEA0 /* Terminal_MalakTests.swift in Sources */,
			);
			runOnlyForDeploymentPostprocessing = 0;
		};
		8082367629250FE600FAEEA0 /* Sources */ = {
			isa = PBXSourcesBuildPhase;
			buildActionMask = 2147483647;
			files = (
				8082367F29250FE600FAEEA0 /* Terminal_MalakUITests.swift in Sources */,
				8082368129250FE600FAEEA0 /* Terminal_MalakUITestsLaunchTests.swift in Sources */,
			);
			runOnlyForDeploymentPostprocessing = 0;
		};
/* End PBXSourcesBuildPhase section */

/* Begin PBXTargetDependency section */
		8082367229250FE600FAEEA0 /* PBXTargetDependency */ = {
			isa = PBXTargetDependency;
			target = 8082365F29250FE400FAEEA0 /* Terminal_Malak */;
			targetProxy = 8082367129250FE600FAEEA0 /* PBXContainerItemProxy */;
		};
		8082367C29250FE600FAEEA0 /* PBXTargetDependency */ = {
			isa = PBXTargetDependency;
			target = 8082365F29250FE400FAEEA0 /* Terminal_Malak */;
			targetProxy = 8082367B29250FE600FAEEA0 /* PBXContainerItemProxy */;
		};
/* End PBXTargetDependency section */

/* Begin XCBuildConfiguration section */
		8082368229250FE600FAEEA0 /* Debug */ = {
			isa = XCBuildConfiguration;
			buildSettings = {
				ALWAYS_SEARCH_USER_PATHS = NO;
				CLANG_ANALYZER_NONNULL = YES;
				CLANG_ANALYZER_NUMBER_OBJECT_CONVERSION = YES_AGGRESSIVE;
				CLANG_CXX_LANGUAGE_STANDARD = "gnu++20";
				CLANG_ENABLE_MODULES = YES;
				CLANG_ENABLE_OBJC_ARC = YES;
				CLANG_ENABLE_OBJC_WEAK = YES;
				CLANG_WARN_BLOCK_CAPTURE_AUTORELEASING = YES;
				CLANG_WARN_BOOL_CONVERSION = YES;
				CLANG_WARN_COMMA = YES;
				CLANG_WARN_CONSTANT_CONVERSION = YES;
				CLANG_WARN_DEPRECATED_OBJC_IMPLEMENTATIONS = YES;
				CLANG_WARN_DIRECT_OBJC_ISA_USAGE = YES_ERROR;
				CLANG_WARN_DOCUMENTATION_COMMENTS = YES;
				CLANG_WARN_EMPTY_BODY = YES;
				CLANG_WARN_ENUM_CONVERSION = YES;
				CLANG_WARN_INFINITE_RECURSION = YES;
				CLANG_WARN_INT_CONVERSION = YES;
				CLANG_WARN_NON_LITERAL_NULL_CONVERSION = YES;
				CLANG_WARN_OBJC_IMPLICIT_RETAIN_SELF = YES;
				CLANG_WARN_OBJC_LITERAL_CONVERSION = YES;
				CLANG_WARN_OBJC_ROOT_CLASS = YES_ERROR;
				CLANG_WARN_QUOTED_INCLUDE_IN_FRAMEWORK_HEADER = YES;
				CLANG_WARN_RANGE_LOOP_ANALYSIS = YES;
				CLANG_WARN_STRICT_PROTOTYPES = YES;
				CLANG_WARN_SUSPICIOUS_MOVE = YES;
				CLANG_WARN_UNGUARDED_AVAILABILITY = YES_AGGRESSIVE;
				CLANG_WARN_UNREACHABLE_CODE = YES;
				CLANG_WARN__DUPLICATE_METHOD_MATCH = YES;
				COPY_PHASE_STRIP = NO;
				DEBUG_INFORMATION_FORMAT = dwarf;
				ENABLE_STRICT_OBJC_MSGSEND = YES;
				ENABLE_TESTABILITY = YES;
				GCC_C_LANGUAGE_STANDARD = gnu11;
				GCC_DYNAMIC_NO_PIC = NO;
				GCC_NO_COMMON_BLOCKS = YES;
				GCC_OPTIMIZATION_LEVEL = 0;
				GCC_PREPROCESSOR_DEFINITIONS = (
					"DEBUG=1",
					"$(inherited)",
				);
				GCC_WARN_64_TO_32_BIT_CONVERSION = YES;
				GCC_WARN_ABOUT_RETURN_TYPE = YES_ERROR;
				GCC_WARN_UNDECLARED_SELECTOR = YES;
				GCC_WARN_UNINITIALIZED_AUTOS = YES_AGGRESSIVE;
				GCC_WARN_UNUSED_FUNCTION = YES;
				GCC_WARN_UNUSED_VARIABLE = YES;
				IPHONEOS_DEPLOYMENT_TARGET = 16.1;
				MTL_ENABLE_DEBUG_INFO = INCLUDE_SOURCE;
				MTL_FAST_MATH = YES;
				ONLY_ACTIVE_ARCH = YES;
				SDKROOT = iphoneos;
				SWIFT_ACTIVE_COMPILATION_CONDITIONS = DEBUG;
				SWIFT_OPTIMIZATION_LEVEL = "-Onone";
			};
			name = Debug;
		};
		8082368329250FE600FAEEA0 /* Release */ = {
			isa = XCBuildConfiguration;
			buildSettings = {
				ALWAYS_SEARCH_USER_PATHS = NO;
				CLANG_ANALYZER_NONNULL = YES;
				CLANG_ANALYZER_NUMBER_OBJECT_CONVERSION = YES_AGGRESSIVE;
				CLANG_CXX_LANGUAGE_STANDARD = "gnu++20";
				CLANG_ENABLE_MODULES = YES;
				CLANG_ENABLE_OBJC_ARC = YES;
				CLANG_ENABLE_OBJC_WEAK = YES;
				CLANG_WARN_BLOCK_CAPTURE_AUTORELEASING = YES;
				CLANG_WARN_BOOL_CONVERSION = YES;
				CLANG_WARN_COMMA = YES;
				CLANG_WARN_CONSTANT_CONVERSION = YES;
				CLANG_WARN_DEPRECATED_OBJC_IMPLEMENTATIONS = YES;
				CLANG_WARN_DIRECT_OBJC_ISA_USAGE = YES_ERROR;
				CLANG_WARN_DOCUMENTATION_COMMENTS = YES;
				CLANG_WARN_EMPTY_BODY = YES;
				CLANG_WARN_ENUM_CONVERSION = YES;
				CLANG_WARN_INFINITE_RECURSION = YES;
				CLANG_WARN_INT_CONVERSION = YES;
				CLANG_WARN_NON_LITERAL_NULL_CONVERSION = YES;
				CLANG_WARN_OBJC_IMPLICIT_RETAIN_SELF = YES;
				CLANG_WARN_OBJC_LITERAL_CONVERSION = YES;
				CLANG_WARN_OBJC_ROOT_CLASS = YES_ERROR;
				CLANG_WARN_QUOTED_INCLUDE_IN_FRAMEWORK_HEADER = YES;
				CLANG_WARN_RANGE_LOOP_ANALYSIS = YES;
				CLANG_WARN_STRICT_PROTOTYPES = YES;
				CLANG_WARN_SUSPICIOUS_MOVE = YES;
				CLANG_WARN_UNGUARDED_AVAILABILITY = YES_AGGRESSIVE;
				CLANG_WARN_UNREACHABLE_CODE = YES;
				CLANG_WARN__DUPLICATE_METHOD_MATCH = YES;
				COPY_PHASE_STRIP = NO;
				DEBUG_INFORMATION_FORMAT = "dwarf-with-dsym";
				ENABLE_NS_ASSERTIONS = NO;
				ENABLE_STRICT_OBJC_MSGSEND = YES;
				GCC_C_LANGUAGE_STANDARD = gnu11;
				GCC_NO_COMMON_BLOCKS = YES;
				GCC_WARN_64_TO_32_BIT_CONVERSION = YES;
				GCC_WARN_ABOUT_RETURN_TYPE = YES_ERROR;
				GCC_WARN_UNDECLARED_SELECTOR = YES;
				GCC_WARN_UNINITIALIZED_AUTOS = YES_AGGRESSIVE;
				GCC_WARN_UNUSED_FUNCTION = YES;
				GCC_WARN_UNUSED_VARIABLE = YES;
				IPHONEOS_DEPLOYMENT_TARGET = 16.1;
				MTL_ENABLE_DEBUG_INFO = NO;
				MTL_FAST_MATH = YES;
				SDKROOT = iphoneos;
				SWIFT_COMPILATION_MODE = wholemodule;
				SWIFT_OPTIMIZATION_LEVEL = "-O";
				VALIDATE_PRODUCT = YES;
			};
			name = Release;
		};
		8082368529250FE600FAEEA0 /* Debug */ = {
			isa = XCBuildConfiguration;
			buildSettings = {
				ASSETCATALOG_COMPILER_APPICON_NAME = AppIcon;
				ASSETCATALOG_COMPILER_GLOBAL_ACCENT_COLOR_NAME = AccentColor;
				CODE_SIGN_STYLE = Automatic;
				CURRENT_PROJECT_VERSION = 1;
				DEVELOPMENT_ASSET_PATHS = "\"Terminal_Malak/Preview Content\"";
				ENABLE_PREVIEWS = YES;
				GENERATE_INFOPLIST_FILE = YES;
				INFOPLIST_KEY_UIApplicationSceneManifest_Generation = YES;
				INFOPLIST_KEY_UIApplicationSupportsIndirectInputEvents = YES;
				INFOPLIST_KEY_UILaunchScreen_Generation = YES;
				INFOPLIST_KEY_UISupportedInterfaceOrientations_iPad = "UIInterfaceOrientationPortrait UIInterfaceOrientationPortraitUpsideDown UIInterfaceOrientationLandscapeLeft UIInterfaceOrientationLandscapeRight";
				INFOPLIST_KEY_UISupportedInterfaceOrientations_iPhone = "UIInterfaceOrientationPortrait UIInterfaceOrientationLandscapeLeft UIInterfaceOrientationLandscapeRight";
				LD_RUNPATH_SEARCH_PATHS = (
					"$(inherited)",
					"@executable_path/Frameworks",
				);
				MARKETING_VERSION = 1.0;
				PRODUCT_BUNDLE_IDENTIFIER = "com.AppleAcademy.Terminal-Malak";
				PRODUCT_NAME = "$(TARGET_NAME)";
				SWIFT_EMIT_LOC_STRINGS = YES;
				SWIFT_VERSION = 5.0;
				TARGETED_DEVICE_FAMILY = "1,2";
			};
			name = Debug;
		};
		8082368629250FE600FAEEA0 /* Release */ = {
			isa = XCBuildConfiguration;
			buildSettings = {
				ASSETCATALOG_COMPILER_APPICON_NAME = AppIcon;
				ASSETCATALOG_COMPILER_GLOBAL_ACCENT_COLOR_NAME = AccentColor;
				CODE_SIGN_STYLE = Automatic;
				CURRENT_PROJECT_VERSION = 1;
				DEVELOPMENT_ASSET_PATHS = "\"Terminal_Malak/Preview Content\"";
				ENABLE_PREVIEWS = YES;
				GENERATE_INFOPLIST_FILE = YES;
				INFOPLIST_KEY_UIApplicationSceneManifest_Generation = YES;
				INFOPLIST_KEY_UIApplicationSupportsIndirectInputEvents = YES;
				INFOPLIST_KEY_UILaunchScreen_Generation = YES;
				INFOPLIST_KEY_UISupportedInterfaceOrientations_iPad = "UIInterfaceOrientationPortrait UIInterfaceOrientationPortraitUpsideDown UIInterfaceOrientationLandscapeLeft UIInterfaceOrientationLandscapeRight";
				INFOPLIST_KEY_UISupportedInterfaceOrientations_iPhone = "UIInterfaceOrientationPortrait UIInterfaceOrientationLandscapeLeft UIInterfaceOrientationLandscapeRight";
				LD_RUNPATH_SEARCH_PATHS = (
					"$(inherited)",
					"@executable_path/Frameworks",
				);
				MARKETING_VERSION = 1.0;
				PRODUCT_BUNDLE_IDENTIFIER = "com.AppleAcademy.Terminal-Malak";
				PRODUCT_NAME = "$(TARGET_NAME)";
				SWIFT_EMIT_LOC_STRINGS = YES;
				SWIFT_VERSION = 5.0;
				TARGETED_DEVICE_FAMILY = "1,2";
			};
			name = Release;
		};
		8082368829250FE600FAEEA0 /* Debug */ = {
			isa = XCBuildConfiguration;
			buildSettings = {
				ALWAYS_EMBED_SWIFT_STANDARD_LIBRARIES = YES;
				BUNDLE_LOADER = "$(TEST_HOST)";
				CODE_SIGN_STYLE = Automatic;
				CURRENT_PROJECT_VERSION = 1;
				GENERATE_INFOPLIST_FILE = YES;
				IPHONEOS_DEPLOYMENT_TARGET = 16.1;
				MARKETING_VERSION = 1.0;
				PRODUCT_BUNDLE_IDENTIFIER = "com.AppleAcademy.Terminal-MalakTests";
				PRODUCT_NAME = "$(TARGET_NAME)";
				SWIFT_EMIT_LOC_STRINGS = NO;
				SWIFT_VERSION = 5.0;
				TARGETED_DEVICE_FAMILY = "1,2";
				TEST_HOST = "$(BUILT_PRODUCTS_DIR)/Terminal_Malak.app/$(BUNDLE_EXECUTABLE_FOLDER_PATH)/Terminal_Malak";
			};
			name = Debug;
		};
		8082368929250FE600FAEEA0 /* Release */ = {
			isa = XCBuildConfiguration;
			buildSettings = {
				ALWAYS_EMBED_SWIFT_STANDARD_LIBRARIES = YES;
				BUNDLE_LOADER = "$(TEST_HOST)";
				CODE_SIGN_STYLE = Automatic;
				CURRENT_PROJECT_VERSION = 1;
				GENERATE_INFOPLIST_FILE = YES;
				IPHONEOS_DEPLOYMENT_TARGET = 16.1;
				MARKETING_VERSION = 1.0;
				PRODUCT_BUNDLE_IDENTIFIER = "com.AppleAcademy.Terminal-MalakTests";
				PRODUCT_NAME = "$(TARGET_NAME)";
				SWIFT_EMIT_LOC_STRINGS = NO;
				SWIFT_VERSION = 5.0;
				TARGETED_DEVICE_FAMILY = "1,2";
				TEST_HOST = "$(BUILT_PRODUCTS_DIR)/Terminal_Malak.app/$(BUNDLE_EXECUTABLE_FOLDER_PATH)/Terminal_Malak";
			};
			name = Release;
		};
		8082368B29250FE600FAEEA0 /* Debug */ = {
			isa = XCBuildConfiguration;
			buildSettings = {
				ALWAYS_EMBED_SWIFT_STANDARD_LIBRARIES = YES;
				CODE_SIGN_STYLE = Automatic;
				CURRENT_PROJECT_VERSION = 1;
				GENERATE_INFOPLIST_FILE = YES;
				MARKETING_VERSION = 1.0;
				PRODUCT_BUNDLE_IDENTIFIER = "com.AppleAcademy.Terminal-MalakUITests";
				PRODUCT_NAME = "$(TARGET_NAME)";
				SWIFT_EMIT_LOC_STRINGS = NO;
				SWIFT_VERSION = 5.0;
				TARGETED_DEVICE_FAMILY = "1,2";
				TEST_TARGET_NAME = Terminal_Malak;
			};
			name = Debug;
		};
		8082368C29250FE600FAEEA0 /* Release */ = {
			isa = XCBuildConfiguration;
			buildSettings = {
				ALWAYS_EMBED_SWIFT_STANDARD_LIBRARIES = YES;
				CODE_SIGN_STYLE = Automatic;
				CURRENT_PROJECT_VERSION = 1;
				GENERATE_INFOPLIST_FILE = YES;
				MARKETING_VERSION = 1.0;
				PRODUCT_BUNDLE_IDENTIFIER = "com.AppleAcademy.Terminal-MalakUITests";
				PRODUCT_NAME = "$(TARGET_NAME)";
				SWIFT_EMIT_LOC_STRINGS = NO;
				SWIFT_VERSION = 5.0;
				TARGETED_DEVICE_FAMILY = "1,2";
				TEST_TARGET_NAME = Terminal_Malak;
			};
			name = Release;
		};
/* End XCBuildConfiguration section */

/* Begin XCConfigurationList section */
		8082365B29250FE400FAEEA0 /* Build configuration list for PBXProject "Terminal_Malak" */ = {
			isa = XCConfigurationList;
			buildConfigurations = (
				8082368229250FE600FAEEA0 /* Debug */,
				8082368329250FE600FAEEA0 /* Release */,
			);
			defaultConfigurationIsVisible = 0;
			defaultConfigurationName = Release;
		};
		8082368429250FE600FAEEA0 /* Build configuration list for PBXNativeTarget "Terminal_Malak" */ = {
			isa = XCConfigurationList;
			buildConfigurations = (
				8082368529250FE600FAEEA0 /* Debug */,
				8082368629250FE600FAEEA0 /* Release */,
			);
			defaultConfigurationIsVisible = 0;
			defaultConfigurationName = Release;
		};
		8082368729250FE600FAEEA0 /* Build configuration list for PBXNativeTarget "Terminal_MalakTests" */ = {
			isa = XCConfigurationList;
			buildConfigurations = (
				8082368829250FE600FAEEA0 /* Debug */,
				8082368929250FE600FAEEA0 /* Release */,
			);
			defaultConfigurationIsVisible = 0;
			defaultConfigurationName = Release;
		};
		8082368A29250FE600FAEEA0 /* Build configuration list for PBXNativeTarget "Terminal_MalakUITests" */ = {
			isa = XCConfigurationList;
			buildConfigurations = (
				8082368B29250FE600FAEEA0 /* Debug */,
				8082368C29250FE600FAEEA0 /* Release */,
			);
			defaultConfigurationIsVisible = 0;
			defaultConfigurationName = Release;
		};
/* End XCConfigurationList section */
	};
	rootObject = 8082365829250FE400FAEEA0 /* Project object */;
}
